{
  "name": "wasm-demo",
  "version": "0.0.0",
  "lockfileVersion": 3,
  "requires": true,
  "packages": {
    "": {
      "name": "wasm-demo",
      "version": "0.0.0",
      "dependencies": {
        "opencc-wasm": "file:../wasm-lib"
      }
    },
    "../wasm-lib": {
      "name": "opencc-wasm",
      "version": "0.1.0"
    },
    "node_modules/opencc-wasm": {
      "resolved": "../wasm-lib",
      "link": true
    }
  }
}
